// !$*UTF8*$!
{
	archiveVersion = 1;
	classes = {
	};
	objectVersion = 50;
	objects = {

/* Begin PBXBuildFile section */
		A290D4D621A1EBA500DCE4BB /* AppDelegate.swift in Sources */ = {isa = PBXBuildFile; fileRef = A290D4D521A1EBA500DCE4BB /* AppDelegate.swift */; };
		A290D4DB21A1EBA500DCE4BB /* Main.storyboard in Resources */ = {isa = PBXBuildFile; fileRef = A290D4D921A1EBA500DCE4BB /* Main.storyboard */; };
		A290D4DD21A1EBA600DCE4BB /* Assets.xcassets in Resources */ = {isa = PBXBuildFile; fileRef = A290D4DC21A1EBA600DCE4BB /* Assets.xcassets */; };
		A290D4E021A1EBA600DCE4BB /* LaunchScreen.storyboard in Resources */ = {isa = PBXBuildFile; fileRef = A290D4DE21A1EBA600DCE4BB /* LaunchScreen.storyboard */; };
		A290D4E821A1EC3400DCE4BB /* Emoji.swift in Sources */ = {isa = PBXBuildFile; fileRef = A290D4E721A1EC3400DCE4BB /* Emoji.swift */; };
		A290D4EA21A1F1B300DCE4BB /* EmojiTableViewController.swift in Sources */ = {isa = PBXBuildFile; fileRef = A290D4E921A1F1B300DCE4BB /* EmojiTableViewController.swift */; };
		A2EDFFD721A3808D00F3119F /* EmojiTableViewCell.swift in Sources */ = {isa = PBXBuildFile; fileRef = A2EDFFD621A3808D00F3119F /* EmojiTableViewCell.swift */; };
		A2EDFFD921A389ED00F3119F /* AddEditEmojiTableViewController.swift in Sources */ = {isa = PBXBuildFile; fileRef = A2EDFFD821A389ED00F3119F /* AddEditEmojiTableViewController.swift */; };
/* End PBXBuildFile section */

/* Begin PBXFileReference section */
		A290D4D221A1EBA500DCE4BB /* EmojiDictionary.app */ = {isa = PBXFileReference; explicitFileType = wrapper.application; includeInIndex = 0; path = EmojiDictionary.app; sourceTree = BUILT_PRODUCTS_DIR; };
		A290D4D521A1EBA500DCE4BB /* AppDelegate.swift */ = {isa = PBXFileReference; lastKnownFileType = sourcecode.swift; path = AppDelegate.swift; sourceTree = "<group>"; };
		A290D4DA21A1EBA500DCE4BB /* Base */ = {isa = PBXFileReference; lastKnownFileType = file.storyboard; name = Base; path = Base.lproj/Main.storyboard; sourceTree = "<group>"; };
		A290D4DC21A1EBA600DCE4BB /* Assets.xcassets */ = {isa = PBXFileReference; lastKnownFileType = folder.assetcatalog; path = Assets.xcassets; sourceTree = "<group>"; };
		A290D4DF21A1EBA600DCE4BB /* Base */ = {isa = PBXFileReference; lastKnownFileType = file.storyboard; name = Base; path = Base.lproj/LaunchScreen.storyboard; sourceTree = "<group>"; };
		A290D4E121A1EBA600DCE4BB /* Info.plist */ = {isa = PBXFileReference; lastKnownFileType = text.plist.xml; path = Info.plist; sourceTree = "<group>"; };
		A290D4E721A1EC3400DCE4BB /* Emoji.swift */ = {isa = PBXFileReference; lastKnownFileType = sourcecode.swift; path = Emoji.swift; sourceTree = "<group>"; };
		A290D4E921A1F1B300DCE4BB /* EmojiTableViewController.swift */ = {isa = PBXFileReference; lastKnownFileType = sourcecode.swift; path = EmojiTableViewController.swift; sourceTree = "<group>"; };
		A2EDFFD621A3808D00F3119F /* EmojiTableViewCell.swift */ = {isa = PBXFileReference; lastKnownFileType = sourcecode.swift; path = EmojiTableViewCell.swift; sourceTree = "<group>"; };
		A2EDFFD821A389ED00F3119F /* AddEditEmojiTableViewController.swift */ = {isa = PBXFileReference; lastKnownFileType = sourcecode.swift; path = AddEditEmojiTableViewController.swift; sourceTree = "<group>"; };
/* End PBXFileReference section */

/* Begin PBXFrameworksBuildPhase section */
		A290D4CF21A1EBA400DCE4BB /* Frameworks */ = {
			isa = PBXFrameworksBuildPhase;
			buildActionMask = 2147483647;
			files = (
			);
			runOnlyForDeploymentPostprocessing = 0;
		};
/* End PBXFrameworksBuildPhase section */

/* Begin PBXGroup section */
		A290D4C921A1EBA400DCE4BB = {
			isa = PBXGroup;
			children = (
				A290D4D421A1EBA500DCE4BB /* EmojiDictionary */,
				A290D4D321A1EBA500DCE4BB /* Products */,
			);
			sourceTree = "<group>";
		};
		A290D4D321A1EBA500DCE4BB /* Products */ = {
			isa = PBXGroup;
			children = (
				A290D4D221A1EBA500DCE4BB /* EmojiDictionary.app */,
			);
			name = Products;
			sourceTree = "<group>";
		};
		A290D4D421A1EBA500DCE4BB /* EmojiDictionary */ = {
			isa = PBXGroup;
			children = (
				A290D4D521A1EBA500DCE4BB /* AppDelegate.swift */,
				A290D4D921A1EBA500DCE4BB /* Main.storyboard */,
				A2EDFFD821A389ED00F3119F /* AddEditEmojiTableViewController.swift */,
				A2EDFFD621A3808D00F3119F /* EmojiTableViewCell.swift */,
				A290D4E921A1F1B300DCE4BB /* EmojiTableViewController.swift */,
				A290D4E721A1EC3400DCE4BB /* Emoji.swift */,
				A290D4DC21A1EBA600DCE4BB /* Assets.xcassets */,
				A290D4DE21A1EBA600DCE4BB /* LaunchScreen.storyboard */,
				A290D4E121A1EBA600DCE4BB /* Info.plist */,
			);
			path = EmojiDictionary;
			sourceTree = "<group>";
		};
/* End PBXGroup section */

/* Begin PBXNativeTarget section */
		A290D4D121A1EBA400DCE4BB /* EmojiDictionary */ = {
			isa = PBXNativeTarget;
			buildConfigurationList = A290D4E421A1EBA600DCE4BB /* Build configuration list for PBXNativeTarget "EmojiDictionary" */;
			buildPhases = (
				A290D4CE21A1EBA400DCE4BB /* Sources */,
				A290D4CF21A1EBA400DCE4BB /* Frameworks */,
				A290D4D021A1EBA400DCE4BB /* Resources */,
			);
			buildRules = (
			);
			dependencies = (
			);
			name = EmojiDictionary;
			productName = EmojiDictionary;
			productReference = A290D4D221A1EBA500DCE4BB /* EmojiDictionary.app */;
			productType = "com.apple.product-type.application";
		};
/* End PBXNativeTarget section */

/* Begin PBXProject section */
		A290D4CA21A1EBA400DCE4BB /* Project object */ = {
			isa = PBXProject;
			attributes = {
				LastSwiftUpdateCheck = 1010;
				LastUpgradeCheck = 1010;
				ORGANIZATIONNAME = "Arvin Zojaji";
				TargetAttributes = {
					A290D4D121A1EBA400DCE4BB = {
						CreatedOnToolsVersion = 10.1;
					};
				};
			};
			buildConfigurationList = A290D4CD21A1EBA400DCE4BB /* Build configuration list for PBXProject "EmojiDictionary" */;
			compatibilityVersion = "Xcode 9.3";
			developmentRegion = en;
			hasScannedForEncodings = 0;
			knownRegions = (
				en,
				Base,
			);
			mainGroup = A290D4C921A1EBA400DCE4BB;
			productRefGroup = A290D4D321A1EBA500DCE4BB /* Products */;
			projectDirPath = "";
			projectRoot = "";
			targets = (
				A290D4D121A1EBA400DCE4BB /* EmojiDictionary */,
			);
		};
/* End PBXProject section */

/* Begin PBXResourcesBuildPhase section */
		A290D4D021A1EBA400DCE4BB /* Resources */ = {
			isa = PBXResourcesBuildPhase;
			buildActionMask = 2147483647;
			files = (
				A290D4E021A1EBA600DCE4BB /* LaunchScreen.storyboard in Resources */,
				A290D4DD21A1EBA600DCE4BB /* Assets.xcassets in Resources */,
				A290D4DB21A1EBA500DCE4BB /* Main.storyboard in Resources */,
			);
			runOnlyForDeploymentPostprocessing = 0;
		};
/* End PBXResourcesBuildPhase section */

/* Begin PBXSourcesBuildPhase section */
		A290D4CE21A1EBA400DCE4BB /* Sources */ = {
			isa = PBXSourcesBuildPhase;
			buildActionMask = 2147483647;
			files = (
				A2EDFFD921A389ED00F3119F /* AddEditEmojiTableViewController.swift in Sources */,
				A290D4D621A1EBA500DCE4BB /* AppDelegate.swift in Sources */,
				A290D4EA21A1F1B300DCE4BB /* EmojiTableViewController.swift in Sources */,
				A2EDFFD721A3808D00F3119F /* EmojiTableViewCell.swift in Sources */,
				A290D4E821A1EC3400DCE4BB /* Emoji.swift in Sources */,
			);
			runOnlyForDeploymentPostprocessing = 0;
		};
/* End PBXSourcesBuildPhase section */

/* Begin PBXVariantGroup section */
		A290D4D921A1EBA500DCE4BB /* Main.storyboard */ = {
			isa = PBXVariantGroup;
			children = (
				A290D4DA21A1EBA500DCE4BB /* Base */,
			);
			name = Main.storyboard;
			sourceTree = "<group>";
		};
		A290D4DE21A1EBA600DCE4BB /* LaunchScreen.storyboard */ = {
			isa = PBXVariantGroup;
			children = (
				A290D4DF21A1EBA600DCE4BB /* Base */,
			);
			name = LaunchScreen.storyboard;
			sourceTree = "<group>";
		};
/* End PBXVariantGroup section */

/* Begin XCBuildConfiguration section */
		A290D4E221A1EBA600DCE4BB /* Debug */ = {
			isa = XCBuildConfiguration;
			buildSettings = {
				ALWAYS_SEARCH_USER_PATHS = NO;
				CLANG_ANALYZER_NONNULL = YES;
				CLANG_ANALYZER_NUMBER_OBJECT_CONVERSION = YES_AGGRESSIVE;
				CLANG_CXX_LANGUAGE_STANDARD = "gnu++14";
				CLANG_CXX_LIBRARY = "libc++";
				CLANG_ENABLE_MODULES = YES;
				CLANG_ENABLE_OBJC_ARC = YES;
				CLANG_ENABLE_OBJC_WEAK = YES;
				CLANG_WARN_BLOCK_CAPTURE_AUTORELEASING = YES;
				CLANG_WARN_BOOL_CONVERSION = YES;
				CLANG_WARN_COMMA = YES;
				CLANG_WARN_CONSTANT_CONVERSION = YES;
				CLANG_WARN_DEPRECATED_OBJC_IMPLEMENTATIONS = YES;
				CLANG_WARN_DIRECT_OBJC_ISA_USAGE = YES_ERROR;
				CLANG_WARN_DOCUMENTATION_COMMENTS = YES;
				CLANG_WARN_EMPTY_BODY = YES;
				CLANG_WARN_ENUM_CONVERSION = YES;
				CLANG_WARN_INFINITE_RECURSION = YES;
				CLANG_WARN_INT_CONVERSION = YES;
				CLANG_WARN_NON_LITERAL_NULL_CONVERSION = YES;
				CLANG_WARN_OBJC_IMPLICIT_RETAIN_SELF = YES;
				CLANG_WARN_OBJC_LITERAL_CONVERSION = YES;
				CLANG_WARN_OBJC_ROOT_CLASS = YES_ERROR;
				CLANG_WARN_RANGE_LOOP_ANALYSIS = YES;
				CLANG_WARN_STRICT_PROTOTYPES = YES;
				CLANG_WARN_SUSPICIOUS_MOVE = YES;
				CLANG_WARN_UNGUARDED_AVAILABILITY = YES_AGGRESSIVE;
				CLANG_WARN_UNREACHABLE_CODE = YES;
				CLANG_WARN__DUPLICATE_METHOD_MATCH = YES;
				CODE_SIGN_IDENTITY = "iPhone Developer";
				COPY_PHASE_STRIP = NO;
				DEBUG_INFORMATION_FORMAT = dwarf;
				ENABLE_STRICT_OBJC_MSGSEND = YES;
				ENABLE_TESTABILITY = YES;
				GCC_C_LANGUAGE_STANDARD = gnu11;
				GCC_DYNAMIC_NO_PIC = NO;
				GCC_NO_COMMON_BLOCKS = YES;
				GCC_OPTIMIZATION_LEVEL = 0;
				GCC_PREPROCESSOR_DEFINITIONS = (
					"DEBUG=1",
					"$(inherited)",
				);
				GCC_WARN_64_TO_32_BIT_CONVERSION = YES;
				GCC_WARN_ABOUT_RETURN_TYPE = YES_ERROR;
				GCC_WARN_UNDECLARED_SELECTOR = YES;
				GCC_WARN_UNINITIALIZED_AUTOS = YES_AGGRESSIVE;
				GCC_WARN_UNUSED_FUNCTION = YES;
				GCC_WARN_UNUSED_VARIABLE = YES;
				IPHONEOS_DEPLOYMENT_TARGET = 12.1;
				MTL_ENABLE_DEBUG_INFO = INCLUDE_SOURCE;
				MTL_FAST_MATH = YES;
				ONLY_ACTIVE_ARCH = YES;
				SDKROOT = iphoneos;
				SWIFT_ACTIVE_COMPILATION_CONDITIONS = DEBUG;
				SWIFT_OPTIMIZATION_LEVEL = "-Onone";
			};
			name = Debug;
		};
		A290D4E321A1EBA600DCE4BB /* Release */ = {
			isa = XCBuildConfiguration;
			buildSettings = {
				ALWAYS_SEARCH_USER_PATHS = NO;
				CLANG_ANALYZER_NONNULL = YES;
				CLANG_ANALYZER_NUMBER_OBJECT_CONVERSION = YES_AGGRESSIVE;
				CLANG_CXX_LANGUAGE_STANDARD = "gnu++14";
				CLANG_CXX_LIBRARY = "libc++";
				CLANG_ENABLE_MODULES = YES;
				CLANG_ENABLE_OBJC_ARC = YES;
				CLANG_ENABLE_OBJC_WEAK = YES;
				CLANG_WARN_BLOCK_CAPTURE_AUTORELEASING = YES;
				CLANG_WARN_BOOL_CONVERSION = YES;
				CLANG_WARN_COMMA = YES;
				CLANG_WARN_CONSTANT_CONVERSION = YES;
				CLANG_WARN_DEPRECATED_OBJC_IMPLEMENTATIONS = YES;
				CLANG_WARN_DIRECT_OBJC_ISA_USAGE = YES_ERROR;
				CLANG_WARN_DOCUMENTATION_COMMENTS = YES;
				CLANG_WARN_EMPTY_BODY = YES;
				CLANG_WARN_ENUM_CONVERSION = YES;
				CLANG_WARN_INFINITE_RECURSION = YES;
				CLANG_WARN_INT_CONVERSION = YES;
				CLANG_WARN_NON_LITERAL_NULL_CONVERSION = YES;
				CLANG_WARN_OBJC_IMPLICIT_RETAIN_SELF = YES;
				CLANG_WARN_OBJC_LITERAL_CONVERSION = YES;
				CLANG_WARN_OBJC_ROOT_CLASS = YES_ERROR;
				CLANG_WARN_RANGE_LOOP_ANALYSIS = YES;
				CLANG_WARN_STRICT_PROTOTYPES = YES;
				CLANG_WARN_SUSPICIOUS_MOVE = YES;
				CLANG_WARN_UNGUARDED_AVAILABILITY = YES_AGGRESSIVE;
				CLANG_WARN_UNREACHABLE_CODE = YES;
				CLANG_WARN__DUPLICATE_METHOD_MATCH = YES;
				CODE_SIGN_IDENTITY = "iPhone Developer";
				COPY_PHASE_STRIP = NO;
				DEBUG_INFORMATION_FORMAT = "dwarf-with-dsym";
				ENABLE_NS_ASSERTIONS = NO;
				ENABLE_STRICT_OBJC_MSGSEND = YES;
				GCC_C_LANGUAGE_STANDARD = gnu11;
				GCC_NO_COMMON_BLOCKS = YES;
				GCC_WARN_64_TO_32_BIT_CONVERSION = YES;
				GCC_WARN_ABOUT_RETURN_TYPE = YES_ERROR;
				GCC_WARN_UNDECLARED_SELECTOR = YES;
				GCC_WARN_UNINITIALIZED_AUTOS = YES_AGGRESSIVE;
				GCC_WARN_UNUSED_FUNCTION = YES;
				GCC_WARN_UNUSED_VARIABLE = YES;
				IPHONEOS_DEPLOYMENT_TARGET = 12.1;
				MTL_ENABLE_DEBUG_INFO = NO;
				MTL_FAST_MATH = YES;
				SDKROOT = iphoneos;
				SWIFT_COMPILATION_MODE = wholemodule;
				SWIFT_OPTIMIZATION_LEVEL = "-O";
				VALIDATE_PRODUCT = YES;
			};
			name = Release;
		};
		A290D4E521A1EBA600DCE4BB /* Debug */ = {
			isa = XCBuildConfiguration;
			buildSettings = {
				ASSETCATALOG_COMPILER_APPICON_NAME = AppIcon;
				CODE_SIGN_STYLE = Automatic;
				DEVELOPMENT_TEAM = 86J8YTL824;
				INFOPLIST_FILE = EmojiDictionary/Info.plist;
				LD_RUNPATH_SEARCH_PATHS = (
					"$(inherited)",
					"@executable_path/Frameworks",
				);
				PRODUCT_BUNDLE_IDENTIFIER = com.arvin.EmojiDictionary;
				PRODUCT_NAME = "$(TARGET_NAME)";
				SWIFT_VERSION = 4.2;
				TARGETED_DEVICE_FAMILY = "1,2";
			};
			name = Debug;
		};
		A290D4E621A1EBA600DCE4BB /* Release */ = {
			isa = XCBuildConfiguration;
			buildSettings = {
				ASSETCATALOG_COMPILER_APPICON_NAME = AppIcon;
				CODE_SIGN_STYLE = Automatic;
				DEVELOPMENT_TEAM = 86J8YTL824;
				INFOPLIST_FILE = EmojiDictionary/Info.plist;
				LD_RUNPATH_SEARCH_PATHS = (
					"$(inherited)",
					"@executable_path/Frameworks",
				);
				PRODUCT_BUNDLE_IDENTIFIER = com.arvin.EmojiDictionary;
				PRODUCT_NAME = "$(TARGET_NAME)";
				SWIFT_VERSION = 4.2;
				TARGETED_DEVICE_FAMILY = "1,2";
			};
			name = Release;
		};
/* End XCBuildConfiguration section */

/* Begin XCConfigurationList section */
		A290D4CD21A1EBA400DCE4BB /* Build configuration list for PBXProject "EmojiDictionary" */ = {
			isa = XCConfigurationList;
			buildConfigurations = (
				A290D4E221A1EBA600DCE4BB /* Debug */,
				A290D4E321A1EBA600DCE4BB /* Release */,
			);
			defaultConfigurationIsVisible = 0;
			defaultConfigurationName = Release;
		};
		A290D4E421A1EBA600DCE4BB /* Build configuration list for PBXNativeTarget "EmojiDictionary" */ = {
			isa = XCConfigurationList;
			buildConfigurations = (
				A290D4E521A1EBA600DCE4BB /* Debug */,
				A290D4E621A1EBA600DCE4BB /* Release */,
			);
			defaultConfigurationIsVisible = 0;
			defaultConfigurationName = Release;
		};
/* End XCConfigurationList section */
	};
	rootObject = A290D4CA21A1EBA400DCE4BB /* Project object */;
}
